
Microsoft Visual Studio Solution File, Format Version 12.00
# Visual Studio Version 16
VisualStudioVersion = 16.0.29009.5
MinimumVisualStudioVersion = 10.0.40219.1
Project("{9A19103F-16F7-4668-BE54-9A1E7A4F7556}") = "AcmeDirectorySearch", "AcmeDirectorySearch.csproj", "{93D4C92D-B571-48C3-A354-3742CE379ADC}"
EndProject
Project("{9A19103F-16F7-4668-BE54-9A1E7A4F7556}") = "AcmeTests", "..\AcmeTests\AcmeTests.csproj", "{F986637C-9D9D-4897-840A-F8F817F0A84D}"
EndProject
Project("{00D1A9C2-B5F0-4AF3-8072-F6C62B433612}") = "AcmeDatabase", "..\AcmeDatabase\AcmeDatabase.sqlproj", "{103A4ACC-8081-4CDC-B424-473A3D43DDBC}"
EndProject
Project("{E53339B2-1760-4266-BCC7-CA923CBCF16C}") = "docker-compose", "docker-compose.dcproj", "{98FB4044-A544-42A3-AAD3-B59AA4D92EE8}"
EndProject
Project("{9092AA53-FB77-4645-B42D-1CCCA6BD08BD}") = "AcmeUX", "..\AcmeUX\AcmeUX.njsproj", "{C08AEB25-4257-40B9-8328-71FDF6C608D7}"
EndProject
Global
	GlobalSection(SolutionConfigurationPlatforms) = preSolution
		Debug|Any CPU = Debug|Any CPU
		Release|Any CPU = Release|Any CPU
	EndGlobalSection
	GlobalSection(ProjectConfigurationPlatforms) = postSolution
		{93D4C92D-B571-48C3-A354-3742CE379ADC}.Debug|Any CPU.ActiveCfg = Debug|Any CPU
		{93D4C92D-B571-48C3-A354-3742CE379ADC}.Debug|Any CPU.Build.0 = Debug|Any CPU
		{93D4C92D-B571-48C3-A354-3742CE379ADC}.Release|Any CPU.ActiveCfg = Release|Any CPU
		{93D4C92D-B571-48C3-A354-3742CE379ADC}.Release|Any CPU.Build.0 = Release|Any CPU
		{F986637C-9D9D-4897-840A-F8F817F0A84D}.Debug|Any CPU.ActiveCfg = Debug|Any CPU
		{F986637C-9D9D-4897-840A-F8F817F0A84D}.Debug|Any CPU.Build.0 = Debug|Any CPU
		{F986637C-9D9D-4897-840A-F8F817F0A84D}.Release|Any CPU.ActiveCfg = Release|Any CPU
		{F986637C-9D9D-4897-840A-F8F817F0A84D}.Release|Any CPU.Build.0 = Release|Any CPU
		{103A4ACC-8081-4CDC-B424-473A3D43DDBC}.Debug|Any CPU.ActiveCfg = Debug|Any CPU
		{103A4ACC-8081-4CDC-B424-473A3D43DDBC}.Debug|Any CPU.Build.0 = Debug|Any CPU
		{103A4ACC-8081-4CDC-B424-473A3D43DDBC}.Debug|Any CPU.Deploy.0 = Debug|Any CPU
		{103A4ACC-8081-4CDC-B424-473A3D43DDBC}.Release|Any CPU.ActiveCfg = Release|Any CPU
		{103A4ACC-8081-4CDC-B424-473A3D43DDBC}.Release|Any CPU.Build.0 = Release|Any CPU
		{103A4ACC-8081-4CDC-B424-473A3D43DDBC}.Release|Any CPU.Deploy.0 = Release|Any CPU
		{98FB4044-A544-42A3-AAD3-B59AA4D92EE8}.Debug|Any CPU.ActiveCfg = Debug|Any CPU
		{98FB4044-A544-42A3-AAD3-B59AA4D92EE8}.Debug|Any CPU.Build.0 = Debug|Any CPU
		{98FB4044-A544-42A3-AAD3-B59AA4D92EE8}.Release|Any CPU.ActiveCfg = Release|Any CPU
		{98FB4044-A544-42A3-AAD3-B59AA4D92EE8}.Release|Any CPU.Build.0 = Release|Any CPU
		{C08AEB25-4257-40B9-8328-71FDF6C608D7}.Debug|Any CPU.ActiveCfg = Debug|Any CPU
		{C08AEB25-4257-40B9-8328-71FDF6C608D7}.Debug|Any CPU.Build.0 = Debug|Any CPU
		{C08AEB25-4257-40B9-8328-71FDF6C608D7}.Release|Any CPU.ActiveCfg = Release|Any CPU
		{C08AEB25-4257-40B9-8328-71FDF6C608D7}.Release|Any CPU.Build.0 = Release|Any CPU
	EndGlobalSection
	GlobalSection(SolutionProperties) = preSolution
		HideSolutionNode = FALSE
	EndGlobalSection
	GlobalSection(ExtensibilityGlobals) = postSolution
		SolutionGuid = {A9E1BB96-0744-4F03-9DA7-59386133369F}
	EndGlobalSection
EndGlobal
