
Microsoft Visual Studio Solution File, Format Version 12.00
# Visual Studio Version 16
VisualStudioVersion = 16.0.29009.5
MinimumVisualStudioVersion = 10.0.40219.1
Project("{FAE04EC0-301F-11D3-BF4B-00C04F79EFBC}") = "AcmeDirectorySearch", "AcmeDirectorySearch.csproj", "{93D4C92D-B571-48C3-A354-3742CE379ADC}"
EndProject
Global
	GlobalSection(SolutionConfigurationPlatforms) = preSolution
		Debug|Any CPU = Debug|Any CPU
		Release|Any CPU = Release|Any CPU
	EndGlobalSection
	GlobalSection(ProjectConfigurationPlatforms) = postSolution
		{93D4C92D-B571-48C3-A354-3742CE379ADC}.Debug|Any CPU.ActiveCfg = Debug|Any CPU
		{93D4C92D-B571-48C3-A354-3742CE379ADC}.Debug|Any CPU.Build.0 = Debug|Any CPU
		{93D4C92D-B571-48C3-A354-3742CE379ADC}.Release|Any CPU.ActiveCfg = Release|Any CPU
		{93D4C92D-B571-48C3-A354-3742CE379ADC}.Release|Any CPU.Build.0 = Release|Any CPU
	EndGlobalSection
	GlobalSection(SolutionProperties) = preSolution
		HideSolutionNode = FALSE
	EndGlobalSection
	GlobalSection(ExtensibilityGlobals) = postSolution
		SolutionGuid = {A9E1BB96-0744-4F03-9DA7-59386133369F}
	EndGlobalSection
EndGlobal
